
Microsoft Visual Studio Solution File, Format Version 12.00
# Visual Studio 2013
VisualStudioVersion = 12.0.31101.0
MinimumVisualStudioVersion = 10.0.40219.1
Project("{FAE04EC0-301F-11D3-BF4B-00C04F79EFBC}") = "CSharpReview", "CSharpReview\CSharpReview.csproj", "{FCB11DFD-74D5-4EB1-9CA6-BB09A4D70A1D}"
EndProject
Global
	GlobalSection(SolutionConfigurationPlatforms) = preSolution
		Debug|Any CPU = Debug|Any CPU
		Release|Any CPU = Release|Any CPU
	EndGlobalSection
	GlobalSection(ProjectConfigurationPlatforms) = postSolution
		{FCB11DFD-74D5-4EB1-9CA6-BB09A4D70A1D}.Debug|Any CPU.ActiveCfg = Debug|Any CPU
		{FCB11DFD-74D5-4EB1-9CA6-BB09A4D70A1D}.Debug|Any CPU.Build.0 = Debug|Any CPU
		{FCB11DFD-74D5-4EB1-9CA6-BB09A4D70A1D}.Release|Any CPU.ActiveCfg = Release|Any CPU
		{FCB11DFD-74D5-4EB1-9CA6-BB09A4D70A1D}.Release|Any CPU.Build.0 = Release|Any CPU
	EndGlobalSection
	GlobalSection(SolutionProperties) = preSolution
		HideSolutionNode = FALSE
	EndGlobalSection
EndGlobal
